{
  "name": "Portfolio-html-css",
  "lockfileVersion": 3,
  "requires": true,
  "packages": {
    "": {
      "dependencies": {
        "@scenejs/effects": "^1.0.2"
      }
    },
    "node_modules/@cfcs/core": {
      "version": "0.1.0",
      "resolved": "https://registry.npmjs.org/@cfcs/core/-/core-0.1.0.tgz",
      "integrity": "sha512-kvYX0RpL45XTHJ5sW7teNbKeAa7pK3nNqaJPoFfZDPTIBJOkTtRD3QhkBG+O3Hu69a8xeMoPvF6y/RtJ6JUOdA==",
      "dependencies": {
        "@egjs/component": "^3.0.4"
      }
    },
    "node_modules/@daybrush/utils": {
      "version": "1.13.0",
      "resolved": "https://registry.npmjs.org/@daybrush/utils/-/utils-1.13.0.tgz",
      "integrity": "sha512-ALK12C6SQNNHw1enXK+UO8bdyQ+jaWNQ1Af7Z3FNxeAwjYhQT7do+TRE4RASAJ3ObaS2+TJ7TXR3oz2Gzbw0PQ=="
    },
    "node_modules/@egjs/component": {
      "version": "3.0.5",
      "resolved": "https://registry.npmjs.org/@egjs/component/-/component-3.0.5.tgz",
      "integrity": "sha512-cLcGizTrrUNA2EYE3MBmEDt2tQv1joVP1Q3oDisZ5nw0MZDx2kcgEXM+/kZpfa/PAkFvYVhRUZwytIQWoN3V/w=="
    },
    "node_modules/@scena/event-emitter": {
      "version": "1.0.5",
      "resolved": "https://registry.npmjs.org/@scena/event-emitter/-/event-emitter-1.0.5.tgz",
      "integrity": "sha512-AzY4OTb0+7ynefmWFQ6hxDdk0CySAq/D4efljfhtRHCOP7MBF9zUfhKG3TJiroVjASqVgkRJFdenS8ArZo6Olg==",
      "dependencies": {
        "@daybrush/utils": "^1.1.1"
      }
    },
    "node_modules/@scenejs/effects": {
      "version": "1.0.2",
      "resolved": "https://registry.npmjs.org/@scenejs/effects/-/effects-1.0.2.tgz",
      "integrity": "sha512-ELYvjwC/2bDLisuKZzC7A2i1RJ9mMk+n7Tur1DiRzGrfgK7jYOgaKnIiQ/+qJEyQfQg6hjsI8HT8IAqQHESrkQ==",
      "dependencies": {
        "@daybrush/utils": "^1.11.0",
        "keyframer": "^0.1.1",
        "scenejs": "^1.1.0"
      }
    },
    "node_modules/css-styled": {
      "version": "1.0.8",
      "resolved": "https://registry.npmjs.org/css-styled/-/css-styled-1.0.8.tgz",
      "integrity": "sha512-tCpP7kLRI8dI95rCh3Syl7I+v7PP+2JYOzWkl0bUEoSbJM+u8ITbutjlQVf0NC2/g4ULROJPi16sfwDIO8/84g==",
      "dependencies": {
        "@daybrush/utils": "^1.13.0"
      }
    },
    "node_modules/keyframer": {
      "version": "0.1.1",
      "resolved": "https://registry.npmjs.org/keyframer/-/keyframer-0.1.1.tgz",
      "integrity": "sha512-42ChO730K8f5dStpcdoBISOixZIN9o47/Vtvh/yY3/jLoEjMltCqIN3IUpWHUWMdsR5e1aXilern0vkWwzrFqA==",
      "dependencies": {
        "@daybrush/utils": "^1.0.0",
        "scenejs": "^1.0.0"
      }
    },
    "node_modules/order-map": {
      "version": "0.3.1",
      "resolved": "https://registry.npmjs.org/order-map/-/order-map-0.3.1.tgz",
      "integrity": "sha512-RSuElIGwzPuBLzS9Io7G8fpcnQeudg0XswOyOiwRNLX7lkf+eQ/KUp+kcAP7z7nTOdkrfxhZycyXwzFW75iJ6A=="
    },
    "node_modules/scenejs": {
      "version": "1.10.3",
      "resolved": "https://registry.npmjs.org/scenejs/-/scenejs-1.10.3.tgz",
      "integrity": "sha512-o1Xrz5sRMeVOD5R9MizY2tYVPYeRnQNttiNRD7vtfi4j4+su1nuP2R/1yv3jDNol1zFfFHwwh2G0jxyt0SIqUA==",
      "dependencies": {
        "@cfcs/core": "^0.1.0",
        "@daybrush/utils": "^1.10.2",
        "@scena/event-emitter": "^1.0.3",
        "css-styled": "^1.0.6",
        "order-map": "^0.3.1"
      }
    }
  }
}
